// !$*UTF8*$!
{
	archiveVersion = 1;
	classes = {
	};
	objectVersion = 50;
	objects = {

/* Begin PBXBuildFile section */
		F0094E532493E90A00593C83 /* AlbumCellViewModelTest.swift in Sources */ = {isa = PBXBuildFile; fileRef = F0094E522493E90A00593C83 /* AlbumCellViewModelTest.swift */; };
		F0094E552493EBDB00593C83 /* MockNetwork.swift in Sources */ = {isa = PBXBuildFile; fileRef = F0094E542493EBDB00593C83 /* MockNetwork.swift */; };
		F014510A2492CE12001F3D9F /* AppDelegate.swift in Sources */ = {isa = PBXBuildFile; fileRef = F01451092492CE12001F3D9F /* AppDelegate.swift */; };
		F01451132492CE13001F3D9F /* Assets.xcassets in Resources */ = {isa = PBXBuildFile; fileRef = F01451122492CE13001F3D9F /* Assets.xcassets */; };
		F01451162492CE13001F3D9F /* LaunchScreen.storyboard in Resources */ = {isa = PBXBuildFile; fileRef = F01451142492CE13001F3D9F /* LaunchScreen.storyboard */; };
		F02910572493A9A800B3A492 /* AlbumCellView.swift in Sources */ = {isa = PBXBuildFile; fileRef = F02910562493A9A800B3A492 /* AlbumCellView.swift */; };
		F029105A2493AD9900B3A492 /* AlbumCellViewModel.swift in Sources */ = {isa = PBXBuildFile; fileRef = F02910592493AD9900B3A492 /* AlbumCellViewModel.swift */; };
		F029105C2493BEF300B3A492 /* AlbumDetailsView.swift in Sources */ = {isa = PBXBuildFile; fileRef = F029105B2493BEF300B3A492 /* AlbumDetailsView.swift */; };
		F029105E2493C02C00B3A492 /* AlbumDetailsViewModel.swift in Sources */ = {isa = PBXBuildFile; fileRef = F029105D2493C02C00B3A492 /* AlbumDetailsViewModel.swift */; };
		F02910602493CD8600B3A492 /* WebView.swift in Sources */ = {isa = PBXBuildFile; fileRef = F029105F2493CD8600B3A492 /* WebView.swift */; };
		F02910712493E01E00B3A492 /* DateUtilTest.swift in Sources */ = {isa = PBXBuildFile; fileRef = F02910702493E01E00B3A492 /* DateUtilTest.swift */; };
		F02910742493E47F00B3A492 /* FeddTest.swift in Sources */ = {isa = PBXBuildFile; fileRef = F02910732493E47F00B3A492 /* FeddTest.swift */; };
		F02910762493E4B300B3A492 /* FeedResponse.json in Resources */ = {isa = PBXBuildFile; fileRef = F02910752493E4B300B3A492 /* FeedResponse.json */; };
		F02910782493E51F00B3A492 /* JSONUtil.swift in Sources */ = {isa = PBXBuildFile; fileRef = F02910772493E51F00B3A492 /* JSONUtil.swift */; };
		F05CF3A02492D7F7009BF48E /* NetworkInterface.swift in Sources */ = {isa = PBXBuildFile; fileRef = F05CF39F2492D7F7009BF48E /* NetworkInterface.swift */; };
		F0CF92DB2492DACA0070B833 /* NetworkEngine.swift in Sources */ = {isa = PBXBuildFile; fileRef = F0CF92DA2492DACA0070B833 /* NetworkEngine.swift */; };
		F0CF92DD2492DBB80070B833 /* NetworkResponse.swift in Sources */ = {isa = PBXBuildFile; fileRef = F0CF92DC2492DBB80070B833 /* NetworkResponse.swift */; };
		F0CF92DF2492E39A0070B833 /* ItunesRSSAPI.swift in Sources */ = {isa = PBXBuildFile; fileRef = F0CF92DE2492E39A0070B833 /* ItunesRSSAPI.swift */; };
		F0CF92E12492E4B20070B833 /* Feed.swift in Sources */ = {isa = PBXBuildFile; fileRef = F0CF92E02492E4B20070B833 /* Feed.swift */; };
		F0CF92E32492E82D0070B833 /* DateUtil.swift in Sources */ = {isa = PBXBuildFile; fileRef = F0CF92E22492E82D0070B833 /* DateUtil.swift */; };
		F0CF92E72492F08F0070B833 /* AlbumsListView.swift in Sources */ = {isa = PBXBuildFile; fileRef = F0CF92E62492F08F0070B833 /* AlbumsListView.swift */; };
		F0CF92E92492F0F50070B833 /* AlbumsListViewModel.swift in Sources */ = {isa = PBXBuildFile; fileRef = F0CF92E82492F0F50070B833 /* AlbumsListViewModel.swift */; };
		F0CF92EB2492F1510070B833 /* BaseViewModel.swift in Sources */ = {isa = PBXBuildFile; fileRef = F0CF92EA2492F1510070B833 /* BaseViewModel.swift */; };
		F0CF92ED2492F30C0070B833 /* BaseView.swift in Sources */ = {isa = PBXBuildFile; fileRef = F0CF92EC2492F30C0070B833 /* BaseView.swift */; };
		F0CF92F02492F3DB0070B833 /* Spinner.swift in Sources */ = {isa = PBXBuildFile; fileRef = F0CF92EF2492F3DB0070B833 /* Spinner.swift */; };
		F0CF92F22492F40A0070B833 /* UIView+Ext.swift in Sources */ = {isa = PBXBuildFile; fileRef = F0CF92F12492F40A0070B833 /* UIView+Ext.swift */; };
/* End PBXBuildFile section */

/* Begin PBXContainerItemProxy section */
		F029106A2493DFDA00B3A492 /* PBXContainerItemProxy */ = {
			isa = PBXContainerItemProxy;
			containerPortal = F01450FE2492CE12001F3D9F /* Project object */;
			proxyType = 1;
			remoteGlobalIDString = F01451052492CE12001F3D9F;
			remoteInfo = AppleRSSApp;
		};
/* End PBXContainerItemProxy section */

/* Begin PBXFileReference section */
		F0094E522493E90A00593C83 /* AlbumCellViewModelTest.swift */ = {isa = PBXFileReference; lastKnownFileType = sourcecode.swift; path = AlbumCellViewModelTest.swift; sourceTree = "<group>"; };
		F0094E542493EBDB00593C83 /* MockNetwork.swift */ = {isa = PBXFileReference; lastKnownFileType = sourcecode.swift; path = MockNetwork.swift; sourceTree = "<group>"; };
		F01451062492CE12001F3D9F /* AppleRSSApp.app */ = {isa = PBXFileReference; explicitFileType = wrapper.application; includeInIndex = 0; path = AppleRSSApp.app; sourceTree = BUILT_PRODUCTS_DIR; };
		F01451092492CE12001F3D9F /* AppDelegate.swift */ = {isa = PBXFileReference; lastKnownFileType = sourcecode.swift; path = AppDelegate.swift; sourceTree = "<group>"; };
		F01451122492CE13001F3D9F /* Assets.xcassets */ = {isa = PBXFileReference; lastKnownFileType = folder.assetcatalog; path = Assets.xcassets; sourceTree = "<group>"; };
		F01451152492CE13001F3D9F /* Base */ = {isa = PBXFileReference; lastKnownFileType = file.storyboard; name = Base; path = Base.lproj/LaunchScreen.storyboard; sourceTree = "<group>"; };
		F01451172492CE13001F3D9F /* Info.plist */ = {isa = PBXFileReference; lastKnownFileType = text.plist.xml; path = Info.plist; sourceTree = "<group>"; };
		F02910562493A9A800B3A492 /* AlbumCellView.swift */ = {isa = PBXFileReference; lastKnownFileType = sourcecode.swift; path = AlbumCellView.swift; sourceTree = "<group>"; };
		F02910592493AD9900B3A492 /* AlbumCellViewModel.swift */ = {isa = PBXFileReference; lastKnownFileType = sourcecode.swift; path = AlbumCellViewModel.swift; sourceTree = "<group>"; };
		F029105B2493BEF300B3A492 /* AlbumDetailsView.swift */ = {isa = PBXFileReference; lastKnownFileType = sourcecode.swift; path = AlbumDetailsView.swift; sourceTree = "<group>"; };
		F029105D2493C02C00B3A492 /* AlbumDetailsViewModel.swift */ = {isa = PBXFileReference; lastKnownFileType = sourcecode.swift; path = AlbumDetailsViewModel.swift; sourceTree = "<group>"; };
		F029105F2493CD8600B3A492 /* WebView.swift */ = {isa = PBXFileReference; lastKnownFileType = sourcecode.swift; path = WebView.swift; sourceTree = "<group>"; };
		F02910652493DFDA00B3A492 /* AppleRSSAppTests.xctest */ = {isa = PBXFileReference; explicitFileType = wrapper.cfbundle; includeInIndex = 0; path = AppleRSSAppTests.xctest; sourceTree = BUILT_PRODUCTS_DIR; };
		F02910692493DFDA00B3A492 /* Info.plist */ = {isa = PBXFileReference; lastKnownFileType = text.plist.xml; path = Info.plist; sourceTree = "<group>"; };
		F02910702493E01E00B3A492 /* DateUtilTest.swift */ = {isa = PBXFileReference; lastKnownFileType = sourcecode.swift; path = DateUtilTest.swift; sourceTree = "<group>"; };
		F02910732493E47F00B3A492 /* FeddTest.swift */ = {isa = PBXFileReference; lastKnownFileType = sourcecode.swift; path = FeddTest.swift; sourceTree = "<group>"; };
		F02910752493E4B300B3A492 /* FeedResponse.json */ = {isa = PBXFileReference; fileEncoding = 4; lastKnownFileType = text.json; path = FeedResponse.json; sourceTree = "<group>"; };
		F02910772493E51F00B3A492 /* JSONUtil.swift */ = {isa = PBXFileReference; lastKnownFileType = sourcecode.swift; path = JSONUtil.swift; sourceTree = "<group>"; };
		F05CF39F2492D7F7009BF48E /* NetworkInterface.swift */ = {isa = PBXFileReference; lastKnownFileType = sourcecode.swift; path = NetworkInterface.swift; sourceTree = "<group>"; };
		F0CF92DA2492DACA0070B833 /* NetworkEngine.swift */ = {isa = PBXFileReference; lastKnownFileType = sourcecode.swift; path = NetworkEngine.swift; sourceTree = "<group>"; };
		F0CF92DC2492DBB80070B833 /* NetworkResponse.swift */ = {isa = PBXFileReference; lastKnownFileType = sourcecode.swift; path = NetworkResponse.swift; sourceTree = "<group>"; };
		F0CF92DE2492E39A0070B833 /* ItunesRSSAPI.swift */ = {isa = PBXFileReference; lastKnownFileType = sourcecode.swift; path = ItunesRSSAPI.swift; sourceTree = "<group>"; };
		F0CF92E02492E4B20070B833 /* Feed.swift */ = {isa = PBXFileReference; lastKnownFileType = sourcecode.swift; path = Feed.swift; sourceTree = "<group>"; };
		F0CF92E22492E82D0070B833 /* DateUtil.swift */ = {isa = PBXFileReference; lastKnownFileType = sourcecode.swift; path = DateUtil.swift; sourceTree = "<group>"; };
		F0CF92E62492F08F0070B833 /* AlbumsListView.swift */ = {isa = PBXFileReference; lastKnownFileType = sourcecode.swift; path = AlbumsListView.swift; sourceTree = "<group>"; };
		F0CF92E82492F0F50070B833 /* AlbumsListViewModel.swift */ = {isa = PBXFileReference; lastKnownFileType = sourcecode.swift; path = AlbumsListViewModel.swift; sourceTree = "<group>"; };
		F0CF92EA2492F1510070B833 /* BaseViewModel.swift */ = {isa = PBXFileReference; lastKnownFileType = sourcecode.swift; path = BaseViewModel.swift; sourceTree = "<group>"; };
		F0CF92EC2492F30C0070B833 /* BaseView.swift */ = {isa = PBXFileReference; lastKnownFileType = sourcecode.swift; path = BaseView.swift; sourceTree = "<group>"; };
		F0CF92EF2492F3DB0070B833 /* Spinner.swift */ = {isa = PBXFileReference; lastKnownFileType = sourcecode.swift; path = Spinner.swift; sourceTree = "<group>"; };
		F0CF92F12492F40A0070B833 /* UIView+Ext.swift */ = {isa = PBXFileReference; lastKnownFileType = sourcecode.swift; path = "UIView+Ext.swift"; sourceTree = "<group>"; };
/* End PBXFileReference section */

/* Begin PBXFrameworksBuildPhase section */
		F01451032492CE12001F3D9F /* Frameworks */ = {
			isa = PBXFrameworksBuildPhase;
			buildActionMask = 2147483647;
			files = (
			);
			runOnlyForDeploymentPostprocessing = 0;
		};
		F02910622493DFDA00B3A492 /* Frameworks */ = {
			isa = PBXFrameworksBuildPhase;
			buildActionMask = 2147483647;
			files = (
			);
			runOnlyForDeploymentPostprocessing = 0;
		};
/* End PBXFrameworksBuildPhase section */

/* Begin PBXGroup section */
		F0094E512493E8EE00593C83 /* ViewModels */ = {
			isa = PBXGroup;
			children = (
				F0094E522493E90A00593C83 /* AlbumCellViewModelTest.swift */,
			);
			path = ViewModels;
			sourceTree = "<group>";
		};
		F01450FD2492CE12001F3D9F = {
			isa = PBXGroup;
			children = (
				F02910662493DFDA00B3A492 /* AppleRSSAppTests */,
				F01451072492CE12001F3D9F /* Products */,
				F01451082492CE12001F3D9F /* AppleRSSApp */,
			);
			sourceTree = "<group>";
		};
		F01451072492CE12001F3D9F /* Products */ = {
			isa = PBXGroup;
			children = (
				F01451062492CE12001F3D9F /* AppleRSSApp.app */,
				F02910652493DFDA00B3A492 /* AppleRSSAppTests.xctest */,
			);
			name = Products;
			sourceTree = "<group>";
		};
		F01451082492CE12001F3D9F /* AppleRSSApp */ = {
			isa = PBXGroup;
			children = (
				F01451222492D650001F3D9F /* src */,
				F014511D2492D3A9001F3D9F /* Supporting Files */,
				F01451092492CE12001F3D9F /* AppDelegate.swift */,
				F01451122492CE13001F3D9F /* Assets.xcassets */,
			);
			path = AppleRSSApp;
			sourceTree = "<group>";
		};
		F014511D2492D3A9001F3D9F /* Supporting Files */ = {
			isa = PBXGroup;
			children = (
				F01451142492CE13001F3D9F /* LaunchScreen.storyboard */,
				F01451172492CE13001F3D9F /* Info.plist */,
			);
			path = "Supporting Files";
			sourceTree = "<group>";
		};
		F014511F2492D46A001F3D9F /* Models */ = {
			isa = PBXGroup;
			children = (
				F0CF92E02492E4B20070B833 /* Feed.swift */,
			);
			path = Models;
			sourceTree = "<group>";
		};
		F01451202492D633001F3D9F /* ViewModels */ = {
			isa = PBXGroup;
			children = (
				F02910582493AD7600B3A492 /* cells */,
				F0CF92E82492F0F50070B833 /* AlbumsListViewModel.swift */,
				F0CF92EA2492F1510070B833 /* BaseViewModel.swift */,
				F029105D2493C02C00B3A492 /* AlbumDetailsViewModel.swift */,
			);
			path = ViewModels;
			sourceTree = "<group>";
		};
		F01451212492D643001F3D9F /* Views */ = {
			isa = PBXGroup;
			children = (
				F02910552493A98800B3A492 /* cells */,
				F0CF92EE2492F3C70070B833 /* common */,
				F0CF92E62492F08F0070B833 /* AlbumsListView.swift */,
				F0CF92EC2492F30C0070B833 /* BaseView.swift */,
				F029105B2493BEF300B3A492 /* AlbumDetailsView.swift */,
				F029105F2493CD8600B3A492 /* WebView.swift */,
			);
			path = Views;
			sourceTree = "<group>";
		};
		F01451222492D650001F3D9F /* src */ = {
			isa = PBXGroup;
			children = (
				F05CF39A2492D793009BF48E /* Utils */,
				F01451212492D643001F3D9F /* Views */,
				F01451202492D633001F3D9F /* ViewModels */,
				F014511F2492D46A001F3D9F /* Models */,
			);
			path = src;
			sourceTree = "<group>";
		};
		F02910552493A98800B3A492 /* cells */ = {
			isa = PBXGroup;
			children = (
				F02910562493A9A800B3A492 /* AlbumCellView.swift */,
			);
			path = cells;
			sourceTree = "<group>";
		};
		F02910582493AD7600B3A492 /* cells */ = {
			isa = PBXGroup;
			children = (
				F02910592493AD9900B3A492 /* AlbumCellViewModel.swift */,
			);
			path = cells;
			sourceTree = "<group>";
		};
		F02910662493DFDA00B3A492 /* AppleRSSAppTests */ = {
			isa = PBXGroup;
			children = (
				F0094E512493E8EE00593C83 /* ViewModels */,
				F02910722493E46C00B3A492 /* Models */,
				F029106F2493E00800B3A492 /* Utils */,
				F02910692493DFDA00B3A492 /* Info.plist */,
				F02910772493E51F00B3A492 /* JSONUtil.swift */,
				F0094E542493EBDB00593C83 /* MockNetwork.swift */,
			);
			path = AppleRSSAppTests;
			sourceTree = "<group>";
		};
		F029106F2493E00800B3A492 /* Utils */ = {
			isa = PBXGroup;
			children = (
				F02910702493E01E00B3A492 /* DateUtilTest.swift */,
			);
			path = Utils;
			sourceTree = "<group>";
		};
		F02910722493E46C00B3A492 /* Models */ = {
			isa = PBXGroup;
			children = (
				F02910752493E4B300B3A492 /* FeedResponse.json */,
				F02910732493E47F00B3A492 /* FeddTest.swift */,
			);
			path = Models;
			sourceTree = "<group>";
		};
		F05CF39A2492D793009BF48E /* Utils */ = {
			isa = PBXGroup;
			children = (
				F05CF39D2492D7B7009BF48E /* Services */,
				F05CF39C2492D7AB009BF48E /* Networking */,
				F05CF39B2492D79E009BF48E /* Extensions */,
				F0CF92E22492E82D0070B833 /* DateUtil.swift */,
			);
			path = Utils;
			sourceTree = "<group>";
		};
		F05CF39B2492D79E009BF48E /* Extensions */ = {
			isa = PBXGroup;
			children = (
				F0CF92F12492F40A0070B833 /* UIView+Ext.swift */,
			);
			path = Extensions;
			sourceTree = "<group>";
		};
		F05CF39C2492D7AB009BF48E /* Networking */ = {
			isa = PBXGroup;
			children = (
				F05CF39F2492D7F7009BF48E /* NetworkInterface.swift */,
				F0CF92DA2492DACA0070B833 /* NetworkEngine.swift */,
				F0CF92DC2492DBB80070B833 /* NetworkResponse.swift */,
			);
			path = Networking;
			sourceTree = "<group>";
		};
		F05CF39D2492D7B7009BF48E /* Services */ = {
			isa = PBXGroup;
			children = (
				F0CF92DE2492E39A0070B833 /* ItunesRSSAPI.swift */,
			);
			path = Services;
			sourceTree = "<group>";
		};
		F0CF92EE2492F3C70070B833 /* common */ = {
			isa = PBXGroup;
			children = (
				F0CF92EF2492F3DB0070B833 /* Spinner.swift */,
			);
			path = common;
			sourceTree = "<group>";
		};
/* End PBXGroup section */

/* Begin PBXNativeTarget section */
		F01451052492CE12001F3D9F /* AppleRSSApp */ = {
			isa = PBXNativeTarget;
			buildConfigurationList = F014511A2492CE13001F3D9F /* Build configuration list for PBXNativeTarget "AppleRSSApp" */;
			buildPhases = (
				F01451022492CE12001F3D9F /* Sources */,
				F01451032492CE12001F3D9F /* Frameworks */,
				F01451042492CE12001F3D9F /* Resources */,
			);
			buildRules = (
			);
			dependencies = (
			);
			name = AppleRSSApp;
			productName = AppleRSSApp;
			productReference = F01451062492CE12001F3D9F /* AppleRSSApp.app */;
			productType = "com.apple.product-type.application";
		};
		F02910642493DFDA00B3A492 /* AppleRSSAppTests */ = {
			isa = PBXNativeTarget;
			buildConfigurationList = F029106C2493DFDA00B3A492 /* Build configuration list for PBXNativeTarget "AppleRSSAppTests" */;
			buildPhases = (
				F02910612493DFDA00B3A492 /* Sources */,
				F02910622493DFDA00B3A492 /* Frameworks */,
				F02910632493DFDA00B3A492 /* Resources */,
			);
			buildRules = (
			);
			dependencies = (
				F029106B2493DFDA00B3A492 /* PBXTargetDependency */,
			);
			name = AppleRSSAppTests;
			productName = AppleRSSAppTests;
			productReference = F02910652493DFDA00B3A492 /* AppleRSSAppTests.xctest */;
			productType = "com.apple.product-type.bundle.unit-test";
		};
/* End PBXNativeTarget section */

/* Begin PBXProject section */
		F01450FE2492CE12001F3D9F /* Project object */ = {
			isa = PBXProject;
			attributes = {
				LastSwiftUpdateCheck = 1150;
				LastUpgradeCheck = 1150;
				ORGANIZATIONNAME = "Hugo Flores Perez";
				TargetAttributes = {
					F01451052492CE12001F3D9F = {
						CreatedOnToolsVersion = 11.5;
					};
					F02910642493DFDA00B3A492 = {
						CreatedOnToolsVersion = 11.5;
						TestTargetID = F01451052492CE12001F3D9F;
					};
				};
			};
			buildConfigurationList = F01451012492CE12001F3D9F /* Build configuration list for PBXProject "AppleRSSApp" */;
			compatibilityVersion = "Xcode 9.3";
			developmentRegion = en;
			hasScannedForEncodings = 0;
			knownRegions = (
				en,
				Base,
			);
			mainGroup = F01450FD2492CE12001F3D9F;
			productRefGroup = F01451072492CE12001F3D9F /* Products */;
			projectDirPath = "";
			projectRoot = "";
			targets = (
				F01451052492CE12001F3D9F /* AppleRSSApp */,
				F02910642493DFDA00B3A492 /* AppleRSSAppTests */,
			);
		};
/* End PBXProject section */

/* Begin PBXResourcesBuildPhase section */
		F01451042492CE12001F3D9F /* Resources */ = {
			isa = PBXResourcesBuildPhase;
			buildActionMask = 2147483647;
			files = (
				F01451162492CE13001F3D9F /* LaunchScreen.storyboard in Resources */,
				F01451132492CE13001F3D9F /* Assets.xcassets in Resources */,
			);
			runOnlyForDeploymentPostprocessing = 0;
		};
		F02910632493DFDA00B3A492 /* Resources */ = {
			isa = PBXResourcesBuildPhase;
			buildActionMask = 2147483647;
			files = (
				F02910762493E4B300B3A492 /* FeedResponse.json in Resources */,
			);
			runOnlyForDeploymentPostprocessing = 0;
		};
/* End PBXResourcesBuildPhase section */

/* Begin PBXSourcesBuildPhase section */
		F01451022492CE12001F3D9F /* Sources */ = {
			isa = PBXSourcesBuildPhase;
			buildActionMask = 2147483647;
			files = (
				F0CF92DD2492DBB80070B833 /* NetworkResponse.swift in Sources */,
				F0CF92EB2492F1510070B833 /* BaseViewModel.swift in Sources */,
				F0CF92E92492F0F50070B833 /* AlbumsListViewModel.swift in Sources */,
				F029105C2493BEF300B3A492 /* AlbumDetailsView.swift in Sources */,
				F05CF3A02492D7F7009BF48E /* NetworkInterface.swift in Sources */,
				F02910572493A9A800B3A492 /* AlbumCellView.swift in Sources */,
				F0CF92ED2492F30C0070B833 /* BaseView.swift in Sources */,
				F0CF92E12492E4B20070B833 /* Feed.swift in Sources */,
				F0CF92DB2492DACA0070B833 /* NetworkEngine.swift in Sources */,
				F0CF92F02492F3DB0070B833 /* Spinner.swift in Sources */,
				F0CF92E32492E82D0070B833 /* DateUtil.swift in Sources */,
				F0CF92F22492F40A0070B833 /* UIView+Ext.swift in Sources */,
				F0CF92E72492F08F0070B833 /* AlbumsListView.swift in Sources */,
				F014510A2492CE12001F3D9F /* AppDelegate.swift in Sources */,
				F029105A2493AD9900B3A492 /* AlbumCellViewModel.swift in Sources */,
				F02910602493CD8600B3A492 /* WebView.swift in Sources */,
				F029105E2493C02C00B3A492 /* AlbumDetailsViewModel.swift in Sources */,
				F0CF92DF2492E39A0070B833 /* ItunesRSSAPI.swift in Sources */,
			);
			runOnlyForDeploymentPostprocessing = 0;
		};
		F02910612493DFDA00B3A492 /* Sources */ = {
			isa = PBXSourcesBuildPhase;
			buildActionMask = 2147483647;
			files = (
				F0094E532493E90A00593C83 /* AlbumCellViewModelTest.swift in Sources */,
				F02910782493E51F00B3A492 /* JSONUtil.swift in Sources */,
				F0094E552493EBDB00593C83 /* MockNetwork.swift in Sources */,
				F02910742493E47F00B3A492 /* FeddTest.swift in Sources */,
				F02910712493E01E00B3A492 /* DateUtilTest.swift in Sources */,
			);
			runOnlyForDeploymentPostprocessing = 0;
		};
/* End PBXSourcesBuildPhase section */

/* Begin PBXTargetDependency section */
		F029106B2493DFDA00B3A492 /* PBXTargetDependency */ = {
			isa = PBXTargetDependency;
			target = F01451052492CE12001F3D9F /* AppleRSSApp */;
			targetProxy = F029106A2493DFDA00B3A492 /* PBXContainerItemProxy */;
		};
/* End PBXTargetDependency section */

/* Begin PBXVariantGroup section */
		F01451142492CE13001F3D9F /* LaunchScreen.storyboard */ = {
			isa = PBXVariantGroup;
			children = (
				F01451152492CE13001F3D9F /* Base */,
			);
			name = LaunchScreen.storyboard;
			sourceTree = "<group>";
		};
/* End PBXVariantGroup section */

/* Begin XCBuildConfiguration section */
		F01451182492CE13001F3D9F /* Debug */ = {
			isa = XCBuildConfiguration;
			buildSettings = {
				ALWAYS_SEARCH_USER_PATHS = NO;
				CLANG_ANALYZER_NONNULL = YES;
				CLANG_ANALYZER_NUMBER_OBJECT_CONVERSION = YES_AGGRESSIVE;
				CLANG_CXX_LANGUAGE_STANDARD = "gnu++14";
				CLANG_CXX_LIBRARY = "libc++";
				CLANG_ENABLE_MODULES = YES;
				CLANG_ENABLE_OBJC_ARC = YES;
				CLANG_ENABLE_OBJC_WEAK = YES;
				CLANG_WARN_BLOCK_CAPTURE_AUTORELEASING = YES;
				CLANG_WARN_BOOL_CONVERSION = YES;
				CLANG_WARN_COMMA = YES;
				CLANG_WARN_CONSTANT_CONVERSION = YES;
				CLANG_WARN_DEPRECATED_OBJC_IMPLEMENTATIONS = YES;
				CLANG_WARN_DIRECT_OBJC_ISA_USAGE = YES_ERROR;
				CLANG_WARN_DOCUMENTATION_COMMENTS = YES;
				CLANG_WARN_EMPTY_BODY = YES;
				CLANG_WARN_ENUM_CONVERSION = YES;
				CLANG_WARN_INFINITE_RECURSION = YES;
				CLANG_WARN_INT_CONVERSION = YES;
				CLANG_WARN_NON_LITERAL_NULL_CONVERSION = YES;
				CLANG_WARN_OBJC_IMPLICIT_RETAIN_SELF = YES;
				CLANG_WARN_OBJC_LITERAL_CONVERSION = YES;
				CLANG_WARN_OBJC_ROOT_CLASS = YES_ERROR;
				CLANG_WARN_RANGE_LOOP_ANALYSIS = YES;
				CLANG_WARN_STRICT_PROTOTYPES = YES;
				CLANG_WARN_SUSPICIOUS_MOVE = YES;
				CLANG_WARN_UNGUARDED_AVAILABILITY = YES_AGGRESSIVE;
				CLANG_WARN_UNREACHABLE_CODE = YES;
				CLANG_WARN__DUPLICATE_METHOD_MATCH = YES;
				COPY_PHASE_STRIP = NO;
				DEBUG_INFORMATION_FORMAT = dwarf;
				ENABLE_STRICT_OBJC_MSGSEND = YES;
				ENABLE_TESTABILITY = YES;
				GCC_C_LANGUAGE_STANDARD = gnu11;
				GCC_DYNAMIC_NO_PIC = NO;
				GCC_NO_COMMON_BLOCKS = YES;
				GCC_OPTIMIZATION_LEVEL = 0;
				GCC_PREPROCESSOR_DEFINITIONS = (
					"DEBUG=1",
					"$(inherited)",
				);
				GCC_WARN_64_TO_32_BIT_CONVERSION = YES;
				GCC_WARN_ABOUT_RETURN_TYPE = YES_ERROR;
				GCC_WARN_UNDECLARED_SELECTOR = YES;
				GCC_WARN_UNINITIALIZED_AUTOS = YES_AGGRESSIVE;
				GCC_WARN_UNUSED_FUNCTION = YES;
				GCC_WARN_UNUSED_VARIABLE = YES;
				IPHONEOS_DEPLOYMENT_TARGET = 13.5;
				MTL_ENABLE_DEBUG_INFO = INCLUDE_SOURCE;
				MTL_FAST_MATH = YES;
				ONLY_ACTIVE_ARCH = YES;
				SDKROOT = iphoneos;
				SWIFT_ACTIVE_COMPILATION_CONDITIONS = DEBUG;
				SWIFT_OPTIMIZATION_LEVEL = "-Onone";
			};
			name = Debug;
		};
		F01451192492CE13001F3D9F /* Release */ = {
			isa = XCBuildConfiguration;
			buildSettings = {
				ALWAYS_SEARCH_USER_PATHS = NO;
				CLANG_ANALYZER_NONNULL = YES;
				CLANG_ANALYZER_NUMBER_OBJECT_CONVERSION = YES_AGGRESSIVE;
				CLANG_CXX_LANGUAGE_STANDARD = "gnu++14";
				CLANG_CXX_LIBRARY = "libc++";
				CLANG_ENABLE_MODULES = YES;
				CLANG_ENABLE_OBJC_ARC = YES;
				CLANG_ENABLE_OBJC_WEAK = YES;
				CLANG_WARN_BLOCK_CAPTURE_AUTORELEASING = YES;
				CLANG_WARN_BOOL_CONVERSION = YES;
				CLANG_WARN_COMMA = YES;
				CLANG_WARN_CONSTANT_CONVERSION = YES;
				CLANG_WARN_DEPRECATED_OBJC_IMPLEMENTATIONS = YES;
				CLANG_WARN_DIRECT_OBJC_ISA_USAGE = YES_ERROR;
				CLANG_WARN_DOCUMENTATION_COMMENTS = YES;
				CLANG_WARN_EMPTY_BODY = YES;
				CLANG_WARN_ENUM_CONVERSION = YES;
				CLANG_WARN_INFINITE_RECURSION = YES;
				CLANG_WARN_INT_CONVERSION = YES;
				CLANG_WARN_NON_LITERAL_NULL_CONVERSION = YES;
				CLANG_WARN_OBJC_IMPLICIT_RETAIN_SELF = YES;
				CLANG_WARN_OBJC_LITERAL_CONVERSION = YES;
				CLANG_WARN_OBJC_ROOT_CLASS = YES_ERROR;
				CLANG_WARN_RANGE_LOOP_ANALYSIS = YES;
				CLANG_WARN_STRICT_PROTOTYPES = YES;
				CLANG_WARN_SUSPICIOUS_MOVE = YES;
				CLANG_WARN_UNGUARDED_AVAILABILITY = YES_AGGRESSIVE;
				CLANG_WARN_UNREACHABLE_CODE = YES;
				CLANG_WARN__DUPLICATE_METHOD_MATCH = YES;
				COPY_PHASE_STRIP = NO;
				DEBUG_INFORMATION_FORMAT = "dwarf-with-dsym";
				ENABLE_NS_ASSERTIONS = NO;
				ENABLE_STRICT_OBJC_MSGSEND = YES;
				GCC_C_LANGUAGE_STANDARD = gnu11;
				GCC_NO_COMMON_BLOCKS = YES;
				GCC_WARN_64_TO_32_BIT_CONVERSION = YES;
				GCC_WARN_ABOUT_RETURN_TYPE = YES_ERROR;
				GCC_WARN_UNDECLARED_SELECTOR = YES;
				GCC_WARN_UNINITIALIZED_AUTOS = YES_AGGRESSIVE;
				GCC_WARN_UNUSED_FUNCTION = YES;
				GCC_WARN_UNUSED_VARIABLE = YES;
				IPHONEOS_DEPLOYMENT_TARGET = 13.5;
				MTL_ENABLE_DEBUG_INFO = NO;
				MTL_FAST_MATH = YES;
				SDKROOT = iphoneos;
				SWIFT_COMPILATION_MODE = wholemodule;
				SWIFT_OPTIMIZATION_LEVEL = "-O";
				VALIDATE_PRODUCT = YES;
			};
			name = Release;
		};
		F014511B2492CE13001F3D9F /* Debug */ = {
			isa = XCBuildConfiguration;
			buildSettings = {
				ASSETCATALOG_COMPILER_APPICON_NAME = AppIcon;
				CODE_SIGN_STYLE = Automatic;
				INFOPLIST_FILE = "AppleRSSApp/Supporting Files/Info.plist";
				LD_RUNPATH_SEARCH_PATHS = (
					"$(inherited)",
					"@executable_path/Frameworks",
				);
				PRODUCT_BUNDLE_IDENTIFIER = com.hfp.AppleRSSApp;
				PRODUCT_NAME = "$(TARGET_NAME)";
				SWIFT_VERSION = 5.0;
				TARGETED_DEVICE_FAMILY = "1,2";
			};
			name = Debug;
		};
		F014511C2492CE13001F3D9F /* Release */ = {
			isa = XCBuildConfiguration;
			buildSettings = {
				ASSETCATALOG_COMPILER_APPICON_NAME = AppIcon;
				CODE_SIGN_STYLE = Automatic;
				INFOPLIST_FILE = "AppleRSSApp/Supporting Files/Info.plist";
				LD_RUNPATH_SEARCH_PATHS = (
					"$(inherited)",
					"@executable_path/Frameworks",
				);
				PRODUCT_BUNDLE_IDENTIFIER = com.hfp.AppleRSSApp;
				PRODUCT_NAME = "$(TARGET_NAME)";
				SWIFT_VERSION = 5.0;
				TARGETED_DEVICE_FAMILY = "1,2";
			};
			name = Release;
		};
		F029106D2493DFDA00B3A492 /* Debug */ = {
			isa = XCBuildConfiguration;
			buildSettings = {
				BUNDLE_LOADER = "$(TEST_HOST)";
				CODE_SIGN_STYLE = Automatic;
				INFOPLIST_FILE = AppleRSSAppTests/Info.plist;
				LD_RUNPATH_SEARCH_PATHS = (
					"$(inherited)",
					"@executable_path/Frameworks",
					"@loader_path/Frameworks",
				);
				PRODUCT_BUNDLE_IDENTIFIER = com.hfp.AppleRSSAppTests;
				PRODUCT_NAME = "$(TARGET_NAME)";
				SWIFT_VERSION = 5.0;
				TARGETED_DEVICE_FAMILY = "1,2";
				TEST_HOST = "$(BUILT_PRODUCTS_DIR)/AppleRSSApp.app/AppleRSSApp";
			};
			name = Debug;
		};
		F029106E2493DFDA00B3A492 /* Release */ = {
			isa = XCBuildConfiguration;
			buildSettings = {
				BUNDLE_LOADER = "$(TEST_HOST)";
				CODE_SIGN_STYLE = Automatic;
				INFOPLIST_FILE = AppleRSSAppTests/Info.plist;
				LD_RUNPATH_SEARCH_PATHS = (
					"$(inherited)",
					"@executable_path/Frameworks",
					"@loader_path/Frameworks",
				);
				PRODUCT_BUNDLE_IDENTIFIER = com.hfp.AppleRSSAppTests;
				PRODUCT_NAME = "$(TARGET_NAME)";
				SWIFT_VERSION = 5.0;
				TARGETED_DEVICE_FAMILY = "1,2";
				TEST_HOST = "$(BUILT_PRODUCTS_DIR)/AppleRSSApp.app/AppleRSSApp";
			};
			name = Release;
		};
/* End XCBuildConfiguration section */

/* Begin XCConfigurationList section */
		F01451012492CE12001F3D9F /* Build configuration list for PBXProject "AppleRSSApp" */ = {
			isa = XCConfigurationList;
			buildConfigurations = (
				F01451182492CE13001F3D9F /* Debug */,
				F01451192492CE13001F3D9F /* Release */,
			);
			defaultConfigurationIsVisible = 0;
			defaultConfigurationName = Release;
		};
		F014511A2492CE13001F3D9F /* Build configuration list for PBXNativeTarget "AppleRSSApp" */ = {
			isa = XCConfigurationList;
			buildConfigurations = (
				F014511B2492CE13001F3D9F /* Debug */,
				F014511C2492CE13001F3D9F /* Release */,
			);
			defaultConfigurationIsVisible = 0;
			defaultConfigurationName = Release;
		};
		F029106C2493DFDA00B3A492 /* Build configuration list for PBXNativeTarget "AppleRSSAppTests" */ = {
			isa = XCConfigurationList;
			buildConfigurations = (
				F029106D2493DFDA00B3A492 /* Debug */,
				F029106E2493DFDA00B3A492 /* Release */,
			);
			defaultConfigurationIsVisible = 0;
			defaultConfigurationName = Release;
		};
/* End XCConfigurationList section */
	};
	rootObject = F01450FE2492CE12001F3D9F /* Project object */;
}
